
Microsoft Visual Studio Solution File, Format Version 12.00
# Visual Studio Version 16
VisualStudioVersion = 16.0.36422.26
MinimumVisualStudioVersion = 10.0.40219.1
Project("{FAE04EC0-301F-11D3-BF4B-00C04F79EFBC}") = "Mini Inventory System", "Mini Inventory System.csproj", "{5B15F64E-F16B-4689-8F39-24FCFA8C826E}"
EndProject
Global
	GlobalSection(SolutionConfigurationPlatforms) = preSolution
		Debug|Any CPU = Debug|Any CPU
		Release|Any CPU = Release|Any CPU
	EndGlobalSection
	GlobalSection(ProjectConfigurationPlatforms) = postSolution
		{5B15F64E-F16B-4689-8F39-24FCFA8C826E}.Debug|Any CPU.ActiveCfg = Debug|Any CPU
		{5B15F64E-F16B-4689-8F39-24FCFA8C826E}.Debug|Any CPU.Build.0 = Debug|Any CPU
		{5B15F64E-F16B-4689-8F39-24FCFA8C826E}.Release|Any CPU.ActiveCfg = Release|Any CPU
		{5B15F64E-F16B-4689-8F39-24FCFA8C826E}.Release|Any CPU.Build.0 = Release|Any CPU
	EndGlobalSection
	GlobalSection(SolutionProperties) = preSolution
		HideSolutionNode = FALSE
	EndGlobalSection
	GlobalSection(ExtensibilityGlobals) = postSolution
		SolutionGuid = {8717CBDA-B57E-4869-A8A1-0542B0E955C2}
	EndGlobalSection
EndGlobal
